github.com/a-soliman/bookstore_utils-go v0.0.0-20210102220327-f04b21423323 h1:A1bLFTGnj6RYd/rjPWwIUJdJgzoI/kWKcOFDaztjFmQ=
github.com/a-soliman/bookstore_utils-go v0.0.0-20210102220327-f04b21423323/go.mod h1:iFbCIxoQ1ZQOYDBwGd5pHYy+8ddA8w2gPfdxA5VqPa0=
github.com/davecgh/go-spew v1.1.0/go.mod h1:J7Y8YcW2NihsgmVo/mv3lAwl/skON4iLHjSsI+c5H38=
github.com/federicoleon/golang-restclient v0.0.0-20191104170228-162ed620df66 h1:QESWlOIiziWcM4bCvtT7TFg4PXjudKMnO3ArjxuIJj4=
github.com/federicoleon/golang-restclient v0.0.0-20191104170228-162ed620df66/go.mod h1:lvjF6h5LrES4h39ha/njlBBBqCmISh6BNSEiXH+mT5k=
github.com/go-playground/assert/v2 v2.0.1/go.mod h1:VDjEfimB/XKnb+ZQfWdccd7VUvScMdVu0Titje2rxJ4=
github.com/pmezard/go-difflib v1.0.0/go.mod h1:iKH77koFhYxTK1pcRnkKkqfTogsbg7gZNVY4sRDYZ/4=
github.com/stretchr/objx v0.1.0/go.mod h1:HFkY916IF+rwdDfMAkV7OtwuqBVzrE8GR6GFx+wExME=
github.com/stretchr/testify v1.6.1/go.mod h1:6Fq8oRcR53rry900zMqJjRRixrwX3KX962/h/Wwjteg=
gopkg.in/check.v1 v0.0.0-20161208181325-20d25e280405/go.mod h1:Co6ibVJAznAaIkqp8huTwlJQCZ016jof/cbN4VW5Yz0=
gopkg.in/yaml.v3 v3.0.0-20200313102051-9f266ea9e77c/go.mod h1:K4uyk7z7BCEPqu6E+C64Yfv1cQ7kz7rIZviUmN+EgEM=
